
Microsoft Visual Studio Solution File, Format Version 12.00
# Visual Studio Version 17
VisualStudioVersion = 17.8.34408.163
MinimumVisualStudioVersion = 10.0.40219.1
Project("{FAE04EC0-301F-11D3-BF4B-00C04F79EFBC}") = "BorsaZaZelenchutsiSvejest", "BorsaZaZelenchutsiSvejest\BorsaZaZelenchutsiSvejest.csproj", "{6A234C9D-2DC9-481D-B3CF-A9B9BA839063}"
EndProject
Global
	GlobalSection(SolutionConfigurationPlatforms) = preSolution
		Debug|Any CPU = Debug|Any CPU
		Release|Any CPU = Release|Any CPU
	EndGlobalSection
	GlobalSection(ProjectConfigurationPlatforms) = postSolution
		{6A234C9D-2DC9-481D-B3CF-A9B9BA839063}.Debug|Any CPU.ActiveCfg = Debug|Any CPU
		{6A234C9D-2DC9-481D-B3CF-A9B9BA839063}.Debug|Any CPU.Build.0 = Debug|Any CPU
		{6A234C9D-2DC9-481D-B3CF-A9B9BA839063}.Release|Any CPU.ActiveCfg = Release|Any CPU
		{6A234C9D-2DC9-481D-B3CF-A9B9BA839063}.Release|Any CPU.Build.0 = Release|Any CPU
	EndGlobalSection
	GlobalSection(SolutionProperties) = preSolution
		HideSolutionNode = FALSE
	EndGlobalSection
	GlobalSection(ExtensibilityGlobals) = postSolution
		SolutionGuid = {DA3592DD-CC19-4E05-87C0-E131F899D215}
	EndGlobalSection
EndGlobal
